
Microsoft Visual Studio Solution File, Format Version 12.00
# Visual Studio 15
VisualStudioVersion = 15.0.26124.0
MinimumVisualStudioVersion = 15.0.26124.0
Project("{FAE04EC0-301F-11D3-BF4B-00C04F79EFBC}") = "TvChannelParserConsole", "TvChannelParserConsole\TvChannelParserConsole.csproj", "{DF60EA83-CCEF-43E3-9B77-A4FA08215F6E}"
EndProject
Project("{FAE04EC0-301F-11D3-BF4B-00C04F79EFBC}") = "OlimpoCache", "OlimpoCache\OlimpoCache.csproj", "{4FA58738-4C27-4DEF-A10A-A783B93F878D}"
EndProject
Project("{2150E333-8FDC-42A3-9474-1A3956D46DE8}") = "Tests", "Tests", "{781D9461-FFD4-43C6-AEF6-4C1EDDE6AC09}"
EndProject
Project("{FAE04EC0-301F-11D3-BF4B-00C04F79EFBC}") = "OlimpoCacheTests", "Tests\OlimpoCacheTests\OlimpoCacheTests.csproj", "{CBFA2507-6C2C-41D8-B82E-8602FC3CF384}"
EndProject
Project("{FAE04EC0-301F-11D3-BF4B-00C04F79EFBC}") = "TvChannelsParser", "TvChannelsParser\TvChannelsParser.csproj", "{3E43595C-93B1-4D87-AE6A-3E42E7AE3193}"
EndProject
Global
	GlobalSection(SolutionConfigurationPlatforms) = preSolution
		Debug|Any CPU = Debug|Any CPU
		Debug|x64 = Debug|x64
		Debug|x86 = Debug|x86
		Release|Any CPU = Release|Any CPU
		Release|x64 = Release|x64
		Release|x86 = Release|x86
	EndGlobalSection
	GlobalSection(SolutionProperties) = preSolution
		HideSolutionNode = FALSE
	EndGlobalSection
	GlobalSection(ProjectConfigurationPlatforms) = postSolution
		{DF60EA83-CCEF-43E3-9B77-A4FA08215F6E}.Debug|Any CPU.ActiveCfg = Debug|Any CPU
		{DF60EA83-CCEF-43E3-9B77-A4FA08215F6E}.Debug|Any CPU.Build.0 = Debug|Any CPU
		{DF60EA83-CCEF-43E3-9B77-A4FA08215F6E}.Debug|x64.ActiveCfg = Debug|Any CPU
		{DF60EA83-CCEF-43E3-9B77-A4FA08215F6E}.Debug|x64.Build.0 = Debug|Any CPU
		{DF60EA83-CCEF-43E3-9B77-A4FA08215F6E}.Debug|x86.ActiveCfg = Debug|Any CPU
		{DF60EA83-CCEF-43E3-9B77-A4FA08215F6E}.Debug|x86.Build.0 = Debug|Any CPU
		{DF60EA83-CCEF-43E3-9B77-A4FA08215F6E}.Release|Any CPU.ActiveCfg = Release|Any CPU
		{DF60EA83-CCEF-43E3-9B77-A4FA08215F6E}.Release|Any CPU.Build.0 = Release|Any CPU
		{DF60EA83-CCEF-43E3-9B77-A4FA08215F6E}.Release|x64.ActiveCfg = Release|Any CPU
		{DF60EA83-CCEF-43E3-9B77-A4FA08215F6E}.Release|x64.Build.0 = Release|Any CPU
		{DF60EA83-CCEF-43E3-9B77-A4FA08215F6E}.Release|x86.ActiveCfg = Release|Any CPU
		{DF60EA83-CCEF-43E3-9B77-A4FA08215F6E}.Release|x86.Build.0 = Release|Any CPU
		{4FA58738-4C27-4DEF-A10A-A783B93F878D}.Debug|Any CPU.ActiveCfg = Debug|Any CPU
		{4FA58738-4C27-4DEF-A10A-A783B93F878D}.Debug|Any CPU.Build.0 = Debug|Any CPU
		{4FA58738-4C27-4DEF-A10A-A783B93F878D}.Debug|x64.ActiveCfg = Debug|Any CPU
		{4FA58738-4C27-4DEF-A10A-A783B93F878D}.Debug|x64.Build.0 = Debug|Any CPU
		{4FA58738-4C27-4DEF-A10A-A783B93F878D}.Debug|x86.ActiveCfg = Debug|Any CPU
		{4FA58738-4C27-4DEF-A10A-A783B93F878D}.Debug|x86.Build.0 = Debug|Any CPU
		{4FA58738-4C27-4DEF-A10A-A783B93F878D}.Release|Any CPU.ActiveCfg = Release|Any CPU
		{4FA58738-4C27-4DEF-A10A-A783B93F878D}.Release|Any CPU.Build.0 = Release|Any CPU
		{4FA58738-4C27-4DEF-A10A-A783B93F878D}.Release|x64.ActiveCfg = Release|Any CPU
		{4FA58738-4C27-4DEF-A10A-A783B93F878D}.Release|x64.Build.0 = Release|Any CPU
		{4FA58738-4C27-4DEF-A10A-A783B93F878D}.Release|x86.ActiveCfg = Release|Any CPU
		{4FA58738-4C27-4DEF-A10A-A783B93F878D}.Release|x86.Build.0 = Release|Any CPU
		{CBFA2507-6C2C-41D8-B82E-8602FC3CF384}.Debug|Any CPU.ActiveCfg = Debug|Any CPU
		{CBFA2507-6C2C-41D8-B82E-8602FC3CF384}.Debug|Any CPU.Build.0 = Debug|Any CPU
		{CBFA2507-6C2C-41D8-B82E-8602FC3CF384}.Debug|x64.ActiveCfg = Debug|Any CPU
		{CBFA2507-6C2C-41D8-B82E-8602FC3CF384}.Debug|x64.Build.0 = Debug|Any CPU
		{CBFA2507-6C2C-41D8-B82E-8602FC3CF384}.Debug|x86.ActiveCfg = Debug|Any CPU
		{CBFA2507-6C2C-41D8-B82E-8602FC3CF384}.Debug|x86.Build.0 = Debug|Any CPU
		{CBFA2507-6C2C-41D8-B82E-8602FC3CF384}.Release|Any CPU.ActiveCfg = Release|Any CPU
		{CBFA2507-6C2C-41D8-B82E-8602FC3CF384}.Release|Any CPU.Build.0 = Release|Any CPU
		{CBFA2507-6C2C-41D8-B82E-8602FC3CF384}.Release|x64.ActiveCfg = Release|Any CPU
		{CBFA2507-6C2C-41D8-B82E-8602FC3CF384}.Release|x64.Build.0 = Release|Any CPU
		{CBFA2507-6C2C-41D8-B82E-8602FC3CF384}.Release|x86.ActiveCfg = Release|Any CPU
		{CBFA2507-6C2C-41D8-B82E-8602FC3CF384}.Release|x86.Build.0 = Release|Any CPU
		{3E43595C-93B1-4D87-AE6A-3E42E7AE3193}.Debug|Any CPU.ActiveCfg = Debug|Any CPU
		{3E43595C-93B1-4D87-AE6A-3E42E7AE3193}.Debug|Any CPU.Build.0 = Debug|Any CPU
		{3E43595C-93B1-4D87-AE6A-3E42E7AE3193}.Debug|x64.ActiveCfg = Debug|Any CPU
		{3E43595C-93B1-4D87-AE6A-3E42E7AE3193}.Debug|x64.Build.0 = Debug|Any CPU
		{3E43595C-93B1-4D87-AE6A-3E42E7AE3193}.Debug|x86.ActiveCfg = Debug|Any CPU
		{3E43595C-93B1-4D87-AE6A-3E42E7AE3193}.Debug|x86.Build.0 = Debug|Any CPU
		{3E43595C-93B1-4D87-AE6A-3E42E7AE3193}.Release|Any CPU.ActiveCfg = Release|Any CPU
		{3E43595C-93B1-4D87-AE6A-3E42E7AE3193}.Release|Any CPU.Build.0 = Release|Any CPU
		{3E43595C-93B1-4D87-AE6A-3E42E7AE3193}.Release|x64.ActiveCfg = Release|Any CPU
		{3E43595C-93B1-4D87-AE6A-3E42E7AE3193}.Release|x64.Build.0 = Release|Any CPU
		{3E43595C-93B1-4D87-AE6A-3E42E7AE3193}.Release|x86.ActiveCfg = Release|Any CPU
		{3E43595C-93B1-4D87-AE6A-3E42E7AE3193}.Release|x86.Build.0 = Release|Any CPU
	EndGlobalSection
	GlobalSection(NestedProjects) = preSolution
		{CBFA2507-6C2C-41D8-B82E-8602FC3CF384} = {781D9461-FFD4-43C6-AEF6-4C1EDDE6AC09}
	EndGlobalSection
EndGlobal
